
Microsoft Visual Studio Solution File, Format Version 12.00
# Visual Studio Version 17
VisualStudioVersion = 17.11.35312.102
MinimumVisualStudioVersion = 10.0.40219.1
Project("{9A19103F-16F7-4668-BE54-9A1E7A4F7556}") = "ServicesMuoqa", "ServicesMuoqa\ServicesMuoqa.csproj", "{C457A6F8-7C48-48E8-8F74-F356DBFE78C4}"
EndProject
Project("{9A19103F-16F7-4668-BE54-9A1E7A4F7556}") = "IdentidadesServicesMuoqa", "IdentidadesServicesMuoqa\IdentidadesServicesMuoqa.csproj", "{87CDF720-A433-496B-ABD7-D7D4530862F2}"
EndProject
Project("{9A19103F-16F7-4668-BE54-9A1E7A4F7556}") = "DataBaseServicesMuoqa", "DataBaseServicesMuoqa\DataBaseServicesMuoqa.csproj", "{54C91B15-543C-4AC6-9F0F-23B99849A8B2}"
EndProject
Project("{9A19103F-16F7-4668-BE54-9A1E7A4F7556}") = "BackendServicesMuoqa", "BackendServicesMuoqa\BackendServicesMuoqa.csproj", "{577C2D14-0166-4C3D-8844-04E17C942660}"
EndProject
Project("{FAE04EC0-301F-11D3-BF4B-00C04F79EFBC}") = "LauncherMuoqa", "LauncherMuoqa\LauncherMuoqa.csproj", "{203BDDAE-152E-4FC3-8832-C67888327BD9}"
EndProject
Global
	GlobalSection(SolutionConfigurationPlatforms) = preSolution
		Debug|Any CPU = Debug|Any CPU
		Release|Any CPU = Release|Any CPU
	EndGlobalSection
	GlobalSection(ProjectConfigurationPlatforms) = postSolution
		{C457A6F8-7C48-48E8-8F74-F356DBFE78C4}.Debug|Any CPU.ActiveCfg = Debug|Any CPU
		{C457A6F8-7C48-48E8-8F74-F356DBFE78C4}.Debug|Any CPU.Build.0 = Debug|Any CPU
		{C457A6F8-7C48-48E8-8F74-F356DBFE78C4}.Release|Any CPU.ActiveCfg = Release|Any CPU
		{C457A6F8-7C48-48E8-8F74-F356DBFE78C4}.Release|Any CPU.Build.0 = Release|Any CPU
		{87CDF720-A433-496B-ABD7-D7D4530862F2}.Debug|Any CPU.ActiveCfg = Debug|Any CPU
		{87CDF720-A433-496B-ABD7-D7D4530862F2}.Debug|Any CPU.Build.0 = Debug|Any CPU
		{87CDF720-A433-496B-ABD7-D7D4530862F2}.Release|Any CPU.ActiveCfg = Release|Any CPU
		{87CDF720-A433-496B-ABD7-D7D4530862F2}.Release|Any CPU.Build.0 = Release|Any CPU
		{54C91B15-543C-4AC6-9F0F-23B99849A8B2}.Debug|Any CPU.ActiveCfg = Debug|Any CPU
		{54C91B15-543C-4AC6-9F0F-23B99849A8B2}.Debug|Any CPU.Build.0 = Debug|Any CPU
		{54C91B15-543C-4AC6-9F0F-23B99849A8B2}.Release|Any CPU.ActiveCfg = Release|Any CPU
		{54C91B15-543C-4AC6-9F0F-23B99849A8B2}.Release|Any CPU.Build.0 = Release|Any CPU
		{577C2D14-0166-4C3D-8844-04E17C942660}.Debug|Any CPU.ActiveCfg = Debug|Any CPU
		{577C2D14-0166-4C3D-8844-04E17C942660}.Debug|Any CPU.Build.0 = Debug|Any CPU
		{577C2D14-0166-4C3D-8844-04E17C942660}.Release|Any CPU.ActiveCfg = Release|Any CPU
		{577C2D14-0166-4C3D-8844-04E17C942660}.Release|Any CPU.Build.0 = Release|Any CPU
		{203BDDAE-152E-4FC3-8832-C67888327BD9}.Debug|Any CPU.ActiveCfg = Debug|Any CPU
		{203BDDAE-152E-4FC3-8832-C67888327BD9}.Debug|Any CPU.Build.0 = Debug|Any CPU
		{203BDDAE-152E-4FC3-8832-C67888327BD9}.Release|Any CPU.ActiveCfg = Release|Any CPU
		{203BDDAE-152E-4FC3-8832-C67888327BD9}.Release|Any CPU.Build.0 = Release|Any CPU
	EndGlobalSection
	GlobalSection(SolutionProperties) = preSolution
		HideSolutionNode = FALSE
	EndGlobalSection
	GlobalSection(ExtensibilityGlobals) = postSolution
		SolutionGuid = {1C6F678B-4C0E-426A-B0CB-C6D8F5AED962}
	EndGlobalSection
EndGlobal
